
Microsoft Visual Studio Solution File, Format Version 12.00
# Visual Studio Version 16
VisualStudioVersion = 16.0.29409.12
MinimumVisualStudioVersion = 10.0.40219.1
Project("{FAE04EC0-301F-11D3-BF4B-00C04F79EFBC}") = "TFTRank", "TFTRank\TFTRank.csproj", "{4BAB81B3-899A-4050-A385-CF10ECEDE8E2}"
EndProject
Global
	GlobalSection(SolutionConfigurationPlatforms) = preSolution
		Debug|Any CPU = Debug|Any CPU
		Release|Any CPU = Release|Any CPU
	EndGlobalSection
	GlobalSection(ProjectConfigurationPlatforms) = postSolution
		{4BAB81B3-899A-4050-A385-CF10ECEDE8E2}.Debug|Any CPU.ActiveCfg = Debug|Any CPU
		{4BAB81B3-899A-4050-A385-CF10ECEDE8E2}.Debug|Any CPU.Build.0 = Debug|Any CPU
		{4BAB81B3-899A-4050-A385-CF10ECEDE8E2}.Release|Any CPU.ActiveCfg = Release|Any CPU
		{4BAB81B3-899A-4050-A385-CF10ECEDE8E2}.Release|Any CPU.Build.0 = Release|Any CPU
	EndGlobalSection
	GlobalSection(SolutionProperties) = preSolution
		HideSolutionNode = FALSE
	EndGlobalSection
	GlobalSection(ExtensibilityGlobals) = postSolution
		SolutionGuid = {A58550DD-A038-4E9A-9BDA-5CF26030AFB6}
	EndGlobalSection
EndGlobal
